<?xml version="1.0" encoding="utf-8"?>
<Project ToolsVersion="4.0" xmlns="http://schemas.microsoft.com/developer/msbuild/2003">
  <ItemGroup>
    <Filter Include="Assets">
      <UniqueIdentifier>{aa2dff80-cc46-4aaa-9c9e-7784c2a0cdf0}</UniqueIdentifier>
    </Filter>
    <Filter Include="character">
      <UniqueIdentifier>{c57b7107-f9f3-4b72-8f3e-8644593ed533}</UniqueIdentifier>
    </Filter>
    <Filter Include="graphics">
      <UniqueIdentifier>{b7a9a0ab-a792-43fe-a5a7-760b8c976aca}</UniqueIdentifier>
    </Filter>
    <Filter Include="graphics\animation">
      <UniqueIdentifier>{d83ac002-5cd8-4ff4-977a-e7b5ebce5263}</UniqueIdentifier>
    </Filter>
    <Filter Include="level">
      <UniqueIdentifier>{73eacaf4-a5db-4539-ab55-83b9c5d4807c}</UniqueIdentifier>
    </Filter>
    <Filter Include="HID">
      <UniqueIdentifier>{bbdeed04-d9d3-4ff9-bb44-9d888be6899a}</UniqueIdentifier>
    </Filter>
    <Filter Include="math">
      <UniqueIdentifier>{39e7f303-3dac-4bde-bedf-33a5497f262e}</UniqueIdentifier>
    </Filter>
    <Filter Include="physics">
      <UniqueIdentifier>{1eed4cab-11aa-4e90-960a-a01360c5a392}</UniqueIdentifier>
    </Filter>
    <Filter Include="system">
      <UniqueIdentifier>{48b58c60-bbe2-40d8-9d2f-e81d065b6820}</UniqueIdentifier>
    </Filter>
    <Filter Include="Gameobject">
      <UniqueIdentifier>{46d64de7-15a4-4852-aa0e-5f417fc14d6f}</UniqueIdentifier>
    </Filter>
    <Filter Include="Assets\level">
      <UniqueIdentifier>{2ae0512e-021d-4395-aa08-5744cdade87c}</UniqueIdentifier>
    </Filter>
    <Filter Include="Assets\texture">
      <UniqueIdentifier>{248e74d7-66fe-48cc-b872-c872fb4844ab}</UniqueIdentifier>
    </Filter>
    <Filter Include="Assets\modelData">
      <UniqueIdentifier>{a27dfd5d-af93-4623-b084-aad00b7739c4}</UniqueIdentifier>
    </Filter>
    <Filter Include="Noncopyable">
      <UniqueIdentifier>{44cb97ec-00d9-4ad2-8696-fe7f644dc407}</UniqueIdentifier>
    </Filter>
    <Filter Include="Player">
      <UniqueIdentifier>{15237348-5894-4930-9d5c-8e2a4ae0b749}</UniqueIdentifier>
    </Filter>
    <Filter Include="Route search">
      <UniqueIdentifier>{1c94505f-04fc-41d4-a6e5-fbb1bbfef6dc}</UniqueIdentifier>
    </Filter>
    <Filter Include="sound">
      <UniqueIdentifier>{ee21ee0e-b9aa-4d42-a247-97de8b201c6d}</UniqueIdentifier>
    </Filter>
    <Filter Include="Hitobject">
      <UniqueIdentifier>{235768ab-7cce-48fe-8368-61df773fa3e3}</UniqueIdentifier>
    </Filter>
    <Filter Include="EnemySummary">
      <UniqueIdentifier>{a01fdb36-f49b-4063-b239-64db3110b7f5}</UniqueIdentifier>
    </Filter>
    <Filter Include="EnemySummary\Enemy">
      <UniqueIdentifier>{ad316940-8486-495d-aa3e-69412e4fcc84}</UniqueIdentifier>
    </Filter>
  </ItemGroup>
  <ItemGroup>
    <ClCompile Include="math\Vector.cpp">
      <Filter>math</Filter>
    </ClCompile>
    <ClCompile Include="math\kMath.cpp">
      <Filter>math</Filter>
    </ClCompile>
    <ClCompile Include="math\Matrix.cpp">
      <Filter>math</Filter>
    </ClCompile>
    <ClCompile Include="graphics\GraphicsEngine.cpp">
      <Filter>graphics</Filter>
    </ClCompile>
    <ClCompile Include="graphics\SkinModel.cpp">
      <Filter>graphics</Filter>
    </ClCompile>
    <ClCompile Include="graphics\SkinModelDataManager.cpp">
      <Filter>graphics</Filter>
    </ClCompile>
    <ClCompile Include="graphics\Skeleton.cpp">
      <Filter>graphics</Filter>
    </ClCompile>
    <ClCompile Include="graphics\SkinModelEffect.cpp">
      <Filter>graphics</Filter>
    </ClCompile>
    <ClCompile Include="graphics\Shader.cpp">
      <Filter>graphics</Filter>
    </ClCompile>
    <ClCompile Include="graphics\ShaderResources.cpp">
      <Filter>graphics</Filter>
    </ClCompile>
    <ClCompile Include="graphics\animation\Animation.cpp">
      <Filter>graphics\animation</Filter>
    </ClCompile>
    <ClCompile Include="graphics\animation\AnimationClip.cpp">
      <Filter>graphics\animation</Filter>
    </ClCompile>
    <ClCompile Include="graphics\animation\AnimationPlayController.cpp">
      <Filter>graphics\animation</Filter>
    </ClCompile>
    <ClCompile Include="HID\Pad.cpp">
      <Filter>HID</Filter>
    </ClCompile>
    <ClCompile Include="system\system.cpp">
      <Filter>system</Filter>
    </ClCompile>
    <ClCompile Include="graphics\Camera.cpp">
      <Filter>graphics</Filter>
    </ClCompile>
    <ClCompile Include="character\CharacterController.cpp">
      <Filter>character</Filter>
    </ClCompile>
    <ClCompile Include="level\Level.cpp">
      <Filter>level</Filter>
    </ClCompile>
    <ClCompile Include="level\MapChip.cpp">
      <Filter>level</Filter>
    </ClCompile>
    <ClCompile Include="main.cpp" />
    <ClCompile Include="stdafx.cpp" />
    <ClCompile Include="Gameobject\Gameobject.cpp">
      <Filter>Gameobject</Filter>
    </ClCompile>
    <ClCompile Include="Gameobject\GameobjectManager.cpp">
      <Filter>Gameobject</Filter>
    </ClCompile>
    <ClCompile Include="physics\Physics.cpp">
      <Filter>physics</Filter>
    </ClCompile>
    <ClCompile Include="physics\MeshCollider.cpp">
      <Filter>physics</Filter>
    </ClCompile>
    <ClCompile Include="physics\CapsuleCollider.cpp">
      <Filter>physics</Filter>
    </ClCompile>
    <ClCompile Include="physics\RigidBody.cpp">
      <Filter>physics</Filter>
    </ClCompile>
    <ClCompile Include="Gameobject\GameobjectList.cpp">
      <Filter>Gameobject</Filter>
    </ClCompile>
    <ClCompile Include="physics\PhysicsStaticObject.cpp">
      <Filter>physics</Filter>
    </ClCompile>
    <ClCompile Include="Stage.cpp" />
    <ClCompile Include="VectorDraw.cpp" />
    <ClCompile Include="graphics\Buffer\constantBuffer.cpp">
      <Filter>graphics</Filter>
    </ClCompile>
    <ClCompile Include="graphics\Buffer\GPUBuffer.cpp">
      <Filter>graphics</Filter>
    </ClCompile>
    <ClCompile Include="graphics\Buffer\indexBuffer.cpp">
      <Filter>graphics</Filter>
    </ClCompile>
    <ClCompile Include="graphics\ShaderResourceView.cpp">
      <Filter>graphics</Filter>
    </ClCompile>
    <ClCompile Include="graphics\sprite.cpp">
      <Filter>graphics</Filter>
    </ClCompile>
    <ClCompile Include="graphics\SpriteData.cpp">
      <Filter>graphics</Filter>
    </ClCompile>
    <ClCompile Include="graphics\Buffer\StucturedBuffer.cpp">
      <Filter>graphics</Filter>
    </ClCompile>
    <ClCompile Include="graphics\UnorderedAccessView.cpp">
      <Filter>graphics</Filter>
    </ClCompile>
    <ClCompile Include="graphics\Buffer\vertexBuffer.cpp">
      <Filter>graphics</Filter>
    </ClCompile>
    <ClCompile Include="UI.cpp" />
    <ClCompile Include="Gamecamera.cpp" />
    <ClCompile Include="color.cpp" />
    <ClCompile Include="title.cpp" />
    <ClCompile Include="Game.cpp" />
    <ClCompile Include="Enemy\EnemyStateAttack.cpp">
      <Filter>EnemySummary\Enemy</Filter>
    </ClCompile>
    <ClCompile Include="Enemy\EnemyStategathering.cpp">
      <Filter>EnemySummary\Enemy</Filter>
    </ClCompile>
    <ClCompile Include="Enemy\EnemyStateMove.cpp">
      <Filter>EnemySummary\Enemy</Filter>
    </ClCompile>
    <ClCompile Include="Timer.cpp" />
    <ClCompile Include="Enemy\Enemy.cpp">
      <Filter>EnemySummary\Enemy</Filter>
    </ClCompile>
    <ClCompile Include="Gameover.cpp" />
    <ClCompile Include="Fade.cpp" />
    <ClCompile Include="Enemy\EnemyStateDead.cpp">
      <Filter>EnemySummary\Enemy</Filter>
    </ClCompile>
    <ClCompile Include="Enemy\EnemyStateHit.cpp">
      <Filter>EnemySummary\Enemy</Filter>
    </ClCompile>
    <ClCompile Include="Player\Player.cpp">
      <Filter>Player</Filter>
    </ClCompile>
    <ClCompile Include="Player\Player_Attack.cpp">
      <Filter>Player</Filter>
    </ClCompile>
    <ClCompile Include="Player\Player_Die.cpp">
      <Filter>Player</Filter>
    </ClCompile>
    <ClCompile Include="Player\Player_Guard.cpp">
      <Filter>Player</Filter>
    </ClCompile>
    <ClCompile Include="Player\Player_Hit.cpp">
      <Filter>Player</Filter>
    </ClCompile>
    <ClCompile Include="Player\Player_Move.cpp">
      <Filter>Player</Filter>
    </ClCompile>
    <ClCompile Include="Player\Player_State.cpp">
      <Filter>Player</Filter>
    </ClCompile>
    <ClCompile Include="Route search\Navimake.cpp">
      <Filter>Route search</Filter>
    </ClCompile>
    <ClCompile Include="Route search\Path.cpp">
      <Filter>Route search</Filter>
    </ClCompile>
    <ClCompile Include="graphics\bloom.cpp">
      <Filter>graphics</Filter>
    </ClCompile>
    <ClCompile Include="graphics\g_SRVlist.cpp">
      <Filter>graphics</Filter>
    </ClCompile>
    <ClCompile Include="sound\WaveFileBank.cpp">
      <Filter>sound</Filter>
    </ClCompile>
    <ClCompile Include="sound\WaveFile.cpp">
      <Filter>sound</Filter>
    </ClCompile>
    <ClCompile Include="sound\SoundSource.cpp">
      <Filter>sound</Filter>
    </ClCompile>
    <ClCompile Include="sound\SoundEngine.cpp">
      <Filter>sound</Filter>
    </ClCompile>
    <ClCompile Include="graphics\ShadowMap.cpp">
      <Filter>graphics</Filter>
    </ClCompile>
    <ClCompile Include="graphics\RenderTarget.cpp">
      <Filter>graphics</Filter>
    </ClCompile>
    <ClCompile Include="graphics\PostEffect.cpp">
      <Filter>graphics</Filter>
    </ClCompile>
    <ClCompile Include="graphics\GaussianBlur.cpp">
      <Filter>graphics</Filter>
    </ClCompile>
    <ClCompile Include="graphics\font.cpp">
      <Filter>graphics</Filter>
    </ClCompile>
    <ClCompile Include="physics\PhysicsDebugDraw.cpp">
      <Filter>physics</Filter>
    </ClCompile>
    <ClCompile Include="Hitobject\HitReceive.cpp">
      <Filter>Hitobject</Filter>
    </ClCompile>
    <ClCompile Include="Enemy\EnemyLeader\Enemyleader.cpp">
      <Filter>EnemySummary</Filter>
    </ClCompile>
    <ClCompile Include="Enemy\EnemyManager.cpp">
      <Filter>EnemySummary</Filter>
    </ClCompile>
    <ClCompile Include="Enemy\EnemyState.cpp">
      <Filter>EnemySummary\Enemy</Filter>
    </ClCompile>
    <ClCompile Include="Item.cpp" />
    <ClCompile Include="ItemManager.cpp" />
    <ClCompile Include="Friend\FriendManager.cpp" />
    <ClCompile Include="Friend\Friendleader.cpp" />
    <ClCompile Include="Friend\Friend.cpp" />
    <ClCompile Include="NPC\NPC.cpp" />
    <ClCompile Include="NPC\NPCState\NPCStateMove.cpp" />
    <ClCompile Include="NPC\NPCState\NPCStateHit.cpp" />
    <ClCompile Include="NPC\NPCState\NPCStateDesd.cpp" />
    <ClCompile Include="NPC\NPCState\NPCStateAttack.cpp" />
    <ClCompile Include="NPC\NPCState\NPCState.cpp" />
    <ClCompile Include="Player\Player_Special.cpp" />
    <ClCompile Include="Enemy\EnemyStateDefens.cpp" />
    <ClCompile Include="EffekseerSound\ESoundEngine.cpp" />
    <ClCompile Include="Status.cpp" />
    <ClCompile Include="Score.cpp" />
  </ItemGroup>
  <ItemGroup>
    <ClInclude Include="math\Vector.h">
      <Filter>math</Filter>
    </ClInclude>
    <ClInclude Include="math\kMath.h">
      <Filter>math</Filter>
    </ClInclude>
    <ClInclude Include="math\Matrix.h">
      <Filter>math</Filter>
    </ClInclude>
    <ClInclude Include="graphics\GraphicsEngine.h">
      <Filter>graphics</Filter>
    </ClInclude>
    <ClInclude Include="graphics\SkinModel.h">
      <Filter>graphics</Filter>
    </ClInclude>
    <ClInclude Include="graphics\SkinModelDataManager.h">
      <Filter>graphics</Filter>
    </ClInclude>
    <ClInclude Include="graphics\Skeleton.h">
      <Filter>graphics</Filter>
    </ClInclude>
    <ClInclude Include="graphics\SkinModelEffect.h">
      <Filter>graphics</Filter>
    </ClInclude>
    <ClInclude Include="graphics\Shader.h">
      <Filter>graphics</Filter>
    </ClInclude>
    <ClInclude Include="graphics\SkinModelShaderConst.h">
      <Filter>graphics</Filter>
    </ClInclude>
    <ClInclude Include="graphics\ShaderResources.h">
      <Filter>graphics</Filter>
    </ClInclude>
    <ClInclude Include="graphics\animation\Animation.h">
      <Filter>graphics\animation</Filter>
    </ClInclude>
    <ClInclude Include="graphics\animation\AnimationClip.h">
      <Filter>graphics\animation</Filter>
    </ClInclude>
    <ClInclude Include="graphics\animation\AnimationPlayController.h">
      <Filter>graphics\animation</Filter>
    </ClInclude>
    <ClInclude Include="HID\Pad.h">
      <Filter>HID</Filter>
    </ClInclude>
    <ClInclude Include="system\system.h">
      <Filter>system</Filter>
    </ClInclude>
    <ClInclude Include="graphics\Camera.h">
      <Filter>graphics</Filter>
    </ClInclude>
    <ClInclude Include="character\CharacterController.h">
      <Filter>character</Filter>
    </ClInclude>
    <ClInclude Include="level\Level.h">
      <Filter>level</Filter>
    </ClInclude>
    <ClInclude Include="level\MapChip.h">
      <Filter>level</Filter>
    </ClInclude>
    <ClInclude Include="stdafx.h" />
    <ClInclude Include="Gameobject\Gameobject.h">
      <Filter>Gameobject</Filter>
    </ClInclude>
    <ClInclude Include="Gameobject\GameobjectManager.h">
      <Filter>Gameobject</Filter>
    </ClInclude>
    <ClInclude Include="physics\PhysicsStaticObject.h">
      <Filter>physics</Filter>
    </ClInclude>
    <ClInclude Include="physics\Physics.h">
      <Filter>physics</Filter>
    </ClInclude>
    <ClInclude Include="physics\MeshCollider.h">
      <Filter>physics</Filter>
    </ClInclude>
    <ClInclude Include="physics\ICollider.h">
      <Filter>physics</Filter>
    </ClInclude>
    <ClInclude Include="physics\CollisionAttr.h">
      <Filter>physics</Filter>
    </ClInclude>
    <ClInclude Include="physics\CapsuleCollider.h">
      <Filter>physics</Filter>
    </ClInclude>
    <ClInclude Include="physics\RigidBody.h">
      <Filter>physics</Filter>
    </ClInclude>
    <ClInclude Include="Gameobject\GameobjectList.h">
      <Filter>Gameobject</Filter>
    </ClInclude>
    <ClInclude Include="Gamecamera.h" />
    <ClInclude Include="Stage.h" />
    <ClInclude Include="VectorDraw.h" />
    <ClInclude Include="graphics\Buffer\constantBuffer.h">
      <Filter>graphics</Filter>
    </ClInclude>
    <ClInclude Include="graphics\Buffer\GPUBuffer.h">
      <Filter>graphics</Filter>
    </ClInclude>
    <ClInclude Include="graphics\Buffer\indexBuffer.h">
      <Filter>graphics</Filter>
    </ClInclude>
    <ClInclude Include="graphics\ShaderResourceView.h">
      <Filter>graphics</Filter>
    </ClInclude>
    <ClInclude Include="graphics\sprite.h">
      <Filter>graphics</Filter>
    </ClInclude>
    <ClInclude Include="graphics\SpriteData.h">
      <Filter>graphics</Filter>
    </ClInclude>
    <ClInclude Include="graphics\Buffer\StucturedBuffer.h">
      <Filter>graphics</Filter>
    </ClInclude>
    <ClInclude Include="graphics\UnorderedAccessView.h">
      <Filter>graphics</Filter>
    </ClInclude>
    <ClInclude Include="graphics\Buffer\vertexBuffer.h">
      <Filter>graphics</Filter>
    </ClInclude>
    <ClInclude Include="Noncopyable\Noncopyable.h">
      <Filter>Noncopyable</Filter>
    </ClInclude>
    <ClInclude Include="UI.h" />
    <ClInclude Include="color.h" />
    <ClInclude Include="title.h" />
    <ClInclude Include="Game.h" />
    <ClInclude Include="Enemy\Enemy.h">
      <Filter>EnemySummary\Enemy</Filter>
    </ClInclude>
    <ClInclude Include="Enemy\EnemyState.h">
      <Filter>EnemySummary\Enemy</Filter>
    </ClInclude>
    <ClInclude Include="Enemy\EnemyStateAttack.h">
      <Filter>EnemySummary\Enemy</Filter>
    </ClInclude>
    <ClInclude Include="Enemy\EnemyStategathering.h">
      <Filter>EnemySummary\Enemy</Filter>
    </ClInclude>
    <ClInclude Include="Enemy\EnemyStateMove.h">
      <Filter>EnemySummary\Enemy</Filter>
    </ClInclude>
    <ClInclude Include="Enemy\Enenystate.h">
      <Filter>EnemySummary\Enemy</Filter>
    </ClInclude>
    <ClInclude Include="GameObjectPriority.h" />
    <ClInclude Include="Timer.h" />
    <ClInclude Include="Gameover.h" />
    <ClInclude Include="Fade.h" />
    <ClInclude Include="Score.h" />
    <ClInclude Include="Ability.h" />
    <ClInclude Include="Status.h" />
    <ClInclude Include="GameTime.h" />
    <ClInclude Include="Enemy\EnemyStateDead.h">
      <Filter>EnemySummary\Enemy</Filter>
    </ClInclude>
    <ClInclude Include="Enemy\EnemyStateHit.h">
      <Filter>EnemySummary\Enemy</Filter>
    </ClInclude>
    <ClInclude Include="Player\Player.h">
      <Filter>Player</Filter>
    </ClInclude>
    <ClInclude Include="Player\Player_Attack.h">
      <Filter>Player</Filter>
    </ClInclude>
    <ClInclude Include="Player\Player_Die.h">
      <Filter>Player</Filter>
    </ClInclude>
    <ClInclude Include="Player\Player_Guard.h">
      <Filter>Player</Filter>
    </ClInclude>
    <ClInclude Include="Player\Player_Hit.h">
      <Filter>Player</Filter>
    </ClInclude>
    <ClInclude Include="Player\Player_Move.h">
      <Filter>Player</Filter>
    </ClInclude>
    <ClInclude Include="Player\Player_State.h">
      <Filter>Player</Filter>
    </ClInclude>
    <ClInclude Include="Player\PlayerState.h">
      <Filter>Player</Filter>
    </ClInclude>
    <ClInclude Include="Route search\Navimake.h">
      <Filter>Route search</Filter>
    </ClInclude>
    <ClInclude Include="Route search\Path.h">
      <Filter>Route search</Filter>
    </ClInclude>
    <ClInclude Include="graphics\bloom.h">
      <Filter>graphics</Filter>
    </ClInclude>
    <ClInclude Include="graphics\g_SRVlist.h">
      <Filter>graphics</Filter>
    </ClInclude>
    <ClInclude Include="sound\WaveFileBank.h">
      <Filter>sound</Filter>
    </ClInclude>
    <ClInclude Include="sound\WaveFile.h">
      <Filter>sound</Filter>
    </ClInclude>
    <ClInclude Include="sound\SoundSource.h">
      <Filter>sound</Filter>
    </ClInclude>
    <ClInclude Include="sound\SoundEngine.h">
      <Filter>sound</Filter>
    </ClInclude>
    <ClInclude Include="graphics\ShadowMap.h">
      <Filter>graphics</Filter>
    </ClInclude>
    <ClInclude Include="graphics\RenderTarget.h">
      <Filter>graphics</Filter>
    </ClInclude>
    <ClInclude Include="graphics\PostEffect.h">
      <Filter>graphics</Filter>
    </ClInclude>
    <ClInclude Include="graphics\GaussianBlur.h">
      <Filter>graphics</Filter>
    </ClInclude>
    <ClInclude Include="graphics\font.h">
      <Filter>graphics</Filter>
    </ClInclude>
    <ClInclude Include="physics\PhysicsDebugDraw.h">
      <Filter>physics</Filter>
    </ClInclude>
    <ClInclude Include="Hitobject\HitReceive.h">
      <Filter>Hitobject</Filter>
    </ClInclude>
    <ClInclude Include="Hitobject\HitObjict.h">
      <Filter>Hitobject</Filter>
    </ClInclude>
    <ClInclude Include="Enemy\EnemyLeader\Enemyleader.h">
      <Filter>EnemySummary</Filter>
    </ClInclude>
    <ClInclude Include="Enemy\EnemyManager.h">
      <Filter>EnemySummary</Filter>
    </ClInclude>
    <ClInclude Include="Item.h" />
    <ClInclude Include="ItemManager.h" />
    <ClInclude Include="status_sani.h" />
    <ClInclude Include="Friend\FriendManager.h" />
    <ClInclude Include="Friend\Friendleader.h" />
    <ClInclude Include="Friend\Friend.h" />
    <ClInclude Include="NPC\NPC.h" />
    <ClInclude Include="NPC\NPCState\NPCStateMove.h" />
    <ClInclude Include="NPC\NPCState\NPCStateHit.h" />
    <ClInclude Include="NPC\NPCState\NPCStateDesd.h" />
    <ClInclude Include="NPC\NPCState\NPCStateAttack.h" />
    <ClInclude Include="NPC\NPCState\NPCState.h" />
    <ClInclude Include="NPC\NPCStateFile.h" />
    <ClInclude Include="Player\Player_Special.h" />
    <ClInclude Include="Enemy_ActionPriority.h" />
    <ClInclude Include="Enemy\EnemyStateDefens.h" />
    <ClInclude Include="EffekseerSound\ESoundEngine.h" />
  </ItemGroup>
  <ItemGroup>
    <MeshContentTask Include="Assets\modelData\unityChan.fbx">
      <Filter>Assets\modelData</Filter>
    </MeshContentTask>
    <MeshContentTask Include="Assets\modelData\bill.fbx">
      <Filter>Assets\modelData</Filter>
    </MeshContentTask>
    <MeshContentTask Include="Assets\modelData\kaka.fbx">
      <Filter>Assets\modelData</Filter>
    </MeshContentTask>
    <MeshContentTask Include="Assets\modelData\vectormodel.fbx">
      <Filter>Assets\modelData</Filter>
    </MeshContentTask>
    <MeshContentTask Include="Assets\modelData\stageGround.fbx">
      <Filter>Assets\modelData</Filter>
    </MeshContentTask>
    <MeshContentTask Include="Assets\modelData\jimennabi.fbx">
      <Filter>Assets\modelData</Filter>
    </MeshContentTask>
    <MeshContentTask Include="Assets\modelData\jimennabi2.fbx">
      <Filter>Assets\modelData</Filter>
    </MeshContentTask>
    <MeshContentTask Include="Assets\modelData\Enemy.fbx">
      <Filter>Assets\modelData</Filter>
    </MeshContentTask>
    <MeshContentTask Include="Assets\modelData\jimennabi3.fbx">
      <Filter>Assets\modelData</Filter>
    </MeshContentTask>
    <MeshContentTask Include="Assets\modelData\Altar.fbx">
      <Filter>Assets\modelData</Filter>
    </MeshContentTask>
    <MeshContentTask Include="Assets\modelData\Atlantis Text.fbx">
      <Filter>Assets\modelData</Filter>
    </MeshContentTask>
    <MeshContentTask Include="Assets\modelData\Bricks.fbx">
      <Filter>Assets\modelData</Filter>
    </MeshContentTask>
    <MeshContentTask Include="Assets\modelData\Bush.fbx">
      <Filter>Assets\modelData</Filter>
    </MeshContentTask>
    <MeshContentTask Include="Assets\modelData\Four Exit.fbx">
      <Filter>Assets\modelData</Filter>
    </MeshContentTask>
    <MeshContentTask Include="Assets\modelData\Grey Stone.fbx">
      <Filter>Assets\modelData</Filter>
    </MeshContentTask>
    <MeshContentTask Include="Assets\modelData\Ground Brown.fbx">
      <Filter>Assets\modelData</Filter>
    </MeshContentTask>
    <MeshContentTask Include="Assets\modelData\Ground Green.fbx">
      <Filter>Assets\modelData</Filter>
    </MeshContentTask>
    <MeshContentTask Include="Assets\modelData\Island Big.fbx">
      <Filter>Assets\modelData</Filter>
    </MeshContentTask>
    <MeshContentTask Include="Assets\modelData\Island Small.fbx">
      <Filter>Assets\modelData</Filter>
    </MeshContentTask>
    <MeshContentTask Include="Assets\modelData\One Exit.fbx">
      <Filter>Assets\modelData</Filter>
    </MeshContentTask>
    <MeshContentTask Include="Assets\modelData\Path Cros.fbx">
      <Filter>Assets\modelData</Filter>
    </MeshContentTask>
    <MeshContentTask Include="Assets\modelData\Path Grass Pilar.fbx">
      <Filter>Assets\modelData</Filter>
    </MeshContentTask>
    <MeshContentTask Include="Assets\modelData\Path Grass.fbx">
      <Filter>Assets\modelData</Filter>
    </MeshContentTask>
    <MeshContentTask Include="Assets\modelData\Platform Mixed.fbx">
      <Filter>Assets\modelData</Filter>
    </MeshContentTask>
    <MeshContentTask Include="Assets\modelData\Sand.fbx">
      <Filter>Assets\modelData</Filter>
    </MeshContentTask>
    <MeshContentTask Include="Assets\modelData\Temple Island Temple.fbx">
      <Filter>Assets\modelData</Filter>
    </MeshContentTask>
    <MeshContentTask Include="Assets\modelData\Temple Island.fbx">
      <Filter>Assets\modelData</Filter>
    </MeshContentTask>
    <MeshContentTask Include="Assets\modelData\Temple Object Gate.fbx">
      <Filter>Assets\modelData</Filter>
    </MeshContentTask>
    <MeshContentTask Include="Assets\modelData\Temple Object Small.fbx">
      <Filter>Assets\modelData</Filter>
    </MeshContentTask>
    <MeshContentTask Include="Assets\modelData\Temple Pyramid Big.fbx">
      <Filter>Assets\modelData</Filter>
    </MeshContentTask>
    <MeshContentTask Include="Assets\modelData\Temple Pyramid Small.fbx">
      <Filter>Assets\modelData</Filter>
    </MeshContentTask>
    <MeshContentTask Include="Assets\modelData\Three Exit.fbx">
      <Filter>Assets\modelData</Filter>
    </MeshContentTask>
    <MeshContentTask Include="Assets\modelData\Tower.fbx">
      <Filter>Assets\modelData</Filter>
    </MeshContentTask>
    <MeshContentTask Include="Assets\modelData\Two Exit Corner.fbx">
      <Filter>Assets\modelData</Filter>
    </MeshContentTask>
    <MeshContentTask Include="Assets\modelData\Two Exit Straigth.fbx">
      <Filter>Assets\modelData</Filter>
    </MeshContentTask>
    <MeshContentTask Include="Assets\modelData\Water.fbx">
      <Filter>Assets\modelData</Filter>
    </MeshContentTask>
    <MeshContentTask Include="Assets\modelData\AAAAAAAAAAAAAA.fbx">
      <Filter>Assets\modelData</Filter>
    </MeshContentTask>
    <MeshContentTask Include="Assets\modelData\AAAAAAAAAAAAAAA.fbx">
      <Filter>Assets\modelData</Filter>
    </MeshContentTask>
    <MeshContentTask Include="Assets\modelData\Axe_2.fbx">
      <Filter>Assets\modelData</Filter>
    </MeshContentTask>
    <MeshContentTask Include="Assets\modelData\Dagger4_2.fbx">
      <Filter>Assets\modelData</Filter>
    </MeshContentTask>
    <MeshContentTask Include="Assets\modelData\enemy_hero.fbx">
      <Filter>Assets\modelData</Filter>
    </MeshContentTask>
    <MeshContentTask Include="Assets\modelData\enemy_Lance.FBX">
      <Filter>Assets\modelData</Filter>
    </MeshContentTask>
    <MeshContentTask Include="Assets\modelData\enemy_nait.FBX">
      <Filter>Assets\modelData</Filter>
    </MeshContentTask>
    <MeshContentTask Include="Assets\modelData\geito.fbx">
      <Filter>Assets\modelData</Filter>
    </MeshContentTask>
    <MeshContentTask Include="Assets\modelData\iwa.fbx">
      <Filter>Assets\modelData</Filter>
    </MeshContentTask>
    <MeshContentTask Include="Assets\modelData\iwa_Wall.FBX">
      <Filter>Assets\modelData</Filter>
    </MeshContentTask>
    <MeshContentTask Include="Assets\modelData\jimennabi_H.fbx">
      <Filter>Assets\modelData</Filter>
    </MeshContentTask>
    <MeshContentTask Include="Assets\modelData\jimennabi1.fbx">
      <Filter>Assets\modelData</Filter>
    </MeshContentTask>
    <MeshContentTask Include="Assets\modelData\jimennabi5.fbx">
      <Filter>Assets\modelData</Filter>
    </MeshContentTask>
    <MeshContentTask Include="Assets\modelData\jimennabi10.fbx">
      <Filter>Assets\modelData</Filter>
    </MeshContentTask>
    <MeshContentTask Include="Assets\modelData\jimennabi20.fbx">
      <Filter>Assets\modelData</Filter>
    </MeshContentTask>
    <MeshContentTask Include="Assets\modelData\map00001.fbx">
      <Filter>Assets\modelData</Filter>
    </MeshContentTask>
    <MeshContentTask Include="Assets\modelData\mking.fbx">
      <Filter>Assets\modelData</Filter>
    </MeshContentTask>
    <MeshContentTask Include="Assets\modelData\monn1.fbx">
      <Filter>Assets\modelData</Filter>
    </MeshContentTask>
    <MeshContentTask Include="Assets\modelData\monn2.fbx">
      <Filter>Assets\modelData</Filter>
    </MeshContentTask>
    <MeshContentTask Include="Assets\modelData\object_sword.fbx">
      <Filter>Assets\modelData</Filter>
    </MeshContentTask>
    <MeshContentTask Include="Assets\modelData\Pillar.FBX">
      <Filter>Assets\modelData</Filter>
    </MeshContentTask>
    <MeshContentTask Include="Assets\modelData\player.fbx">
      <Filter>Assets\modelData</Filter>
    </MeshContentTask>
    <MeshContentTask Include="Assets\modelData\rock.fbx">
      <Filter>Assets\modelData</Filter>
    </MeshContentTask>
    <MeshContentTask Include="Assets\modelData\test_box1.fbx">
      <Filter>Assets\modelData</Filter>
    </MeshContentTask>
    <MeshContentTask Include="Assets\modelData\test_box2.fbx">
      <Filter>Assets\modelData</Filter>
    </MeshContentTask>
    <MeshContentTask Include="Assets\modelData\test_box3.fbx">
      <Filter>Assets\modelData</Filter>
    </MeshContentTask>
    <MeshContentTask Include="Assets\modelData\waku1.fbx">
      <Filter>Assets\modelData</Filter>
    </MeshContentTask>
    <MeshContentTask Include="Assets\modelData\waku2.fbx">
      <Filter>Assets\modelData</Filter>
    </MeshContentTask>
    <MeshContentTask Include="Assets\modelData\wall.fbx">
      <Filter>Assets\modelData</Filter>
    </MeshContentTask>
    <MeshContentTask Include="Assets\modelData\wall--.fbx">
      <Filter>Assets\modelData</Filter>
    </MeshContentTask>
    <MeshContentTask Include="Assets\modelData\wallgeit.fbx">
      <Filter>Assets\modelData</Filter>
    </MeshContentTask>
    <MeshContentTask Include="Assets\modelData\portion.fbx" />
    <MeshContentTask Include="Assets\modelData\player1.fbx">
      <Filter>Assets\modelData</Filter>
    </MeshContentTask>
    <MeshContentTask Include="Assets\modelData\baria.fbx" />
  </ItemGroup>
  <ItemGroup>
    <None Include="Assets\level\stage_01.tkl">
      <Filter>Assets\level</Filter>
    </None>
    <None Include="Assets\level\Enemy_lever.tkl">
      <Filter>Assets\level</Filter>
    </None>
    <None Include="Assets\level\Enemy_lever1.tkl">
      <Filter>Assets\level</Filter>
    </None>
  </ItemGroup>
  <ItemGroup>
    <Image Include="Assets\texture\autumn003.jpg">
      <Filter>Assets\texture</Filter>
    </Image>
    <Image Include="Assets\texture\BRICKBMP.GIF">
      <Filter>Assets\texture</Filter>
    </Image>
    <Image Include="Assets\texture\Building_texture7.jpg">
      <Filter>Assets\texture</Filter>
    </Image>
    <Image Include="Assets\texture\damage.png">
      <Filter>Assets\texture</Filter>
    </Image>
  </ItemGroup>
  <ItemGroup>
    <ImageContentTask Include="Assets\texture\HP_Player.png">
      <Filter>Assets\texture</Filter>
    </ImageContentTask>
    <ImageContentTask Include="Assets\texture\HP_Player_waku.png">
      <Filter>Assets\texture</Filter>
    </ImageContentTask>
    <ImageContentTask Include="Assets\texture\HP.png">
      <Filter>Assets\texture</Filter>
    </ImageContentTask>
    <ImageContentTask Include="Assets\texture\HP_waku.png">
      <Filter>Assets\texture</Filter>
    </ImageContentTask>
    <ImageContentTask Include="Assets\texture\taitoru.png">
      <Filter>Assets\texture</Filter>
    </ImageContentTask>
    <ImageContentTask Include="Assets\texture\White.png">
      <Filter>Assets\texture</Filter>
    </ImageContentTask>
    <ImageContentTask Include="Assets\texture\yaji.png">
      <Filter>Assets\texture</Filter>
    </ImageContentTask>
    <ImageContentTask Include="Assets\texture\yellow.png">
      <Filter>Assets\texture</Filter>
    </ImageContentTask>
    <ImageContentTask Include="Assets\texture\status_waku.png" />
    <ImageContentTask Include="Assets\texture\defensu_icon.png" />
    <ImageContentTask Include="Assets\texture\speed_icon.png" />
    <ImageContentTask Include="Assets\texture\attakc_icon.png" />
    <ImageContentTask Include="Assets\texture\kuraa.png" />
    <ImageContentTask Include="Assets\texture\over.png" />
    <ImageContentTask Include="Assets\texture\MP_Player_waku.png" />
    <ImageContentTask Include="Assets\texture\MP_player.png" />
  </ItemGroup>
</Project>